
Microsoft Visual Studio Solution File, Format Version 12.00
# Visual Studio Version 17
VisualStudioVersion = 17.5.002.0
MinimumVisualStudioVersion = 10.0.40219.1
Project("{2150E333-8FDC-42A3-9474-1A3956D46DE8}") = "Files", "Files", "{DF8C93ED-61D7-4742-A369-F8FFA6947040}"
EndProject
Project("{9A19103F-16F7-4668-BE54-9A1E7A4F7556}") = "CreateFiles", "Files\CreateFiles\CreateFiles.csproj", "{F87D88F2-56DB-4603-8D9B-1DAA4893A3DF}"
EndProject
Project("{9A19103F-16F7-4668-BE54-9A1E7A4F7556}") = "Directories", "Files\Directories\Directories.csproj", "{CE73C9B3-6FDF-497E-8E4D-0E28AC64ED90}"
EndProject
Project("{9A19103F-16F7-4668-BE54-9A1E7A4F7556}") = "FileInfo", "Files\FileInfo\FileInfo.csproj", "{8CFE6375-1D02-461A-AAE5-8BD498F0BF7D}"
EndProject
Project("{9A19103F-16F7-4668-BE54-9A1E7A4F7556}") = "ReadWriteFiles", "Files\ReadWriteFiles\ReadWriteFiles.csproj", "{C2E4DC47-264B-44E1-B79D-DF4706AE4EAB}"
EndProject
Project("{2150E333-8FDC-42A3-9474-1A3956D46DE8}") = "NumbersDates", "NumbersDates", "{55171CA8-4246-4C8B-AA43-BAA677839E2F}"
EndProject
Project("{9A19103F-16F7-4668-BE54-9A1E7A4F7556}") = "DateTimeClass", "NumbersDates\DateTimeClass\DateTimeClass.csproj", "{7F5A3F54-F7F6-4A4D-9CE5-72F72E8A4543}"
EndProject
Project("{9A19103F-16F7-4668-BE54-9A1E7A4F7556}") = "FormatDates", "NumbersDates\FormatDates\FormatDates.csproj", "{CCEB83D8-62F8-4BCD-A279-374B2B8770CE}"
EndProject
Project("{9A19103F-16F7-4668-BE54-9A1E7A4F7556}") = "FormatNumbers", "NumbersDates\FormatNumbers\FormatNumbers.csproj", "{74C4D05D-6BFE-407F-AF85-6EAC27A91D34}"
EndProject
Project("{9A19103F-16F7-4668-BE54-9A1E7A4F7556}") = "ParseDates", "NumbersDates\ParseDates\ParseDates.csproj", "{79C8BF48-5AC4-4275-AAE7-CBDC497BB6F5}"
EndProject
Project("{9A19103F-16F7-4668-BE54-9A1E7A4F7556}") = "ParseNumbers", "NumbersDates\ParseNumbers\ParseNumbers.csproj", "{8D80D71B-118E-4677-8061-4DADFC0AE91B}"
EndProject
Project("{2150E333-8FDC-42A3-9474-1A3956D46DE8}") = "Overview", "Overview", "{3BD83B46-6E3A-455A-8A32-F3E3B8E107AE}"
EndProject
Project("{9A19103F-16F7-4668-BE54-9A1E7A4F7556}") = "DataTypes", "Overview\DataTypes\DataTypes.csproj", "{B71B51D0-90AC-49A5-9AD8-131F735E15B4}"
EndProject
Project("{9A19103F-16F7-4668-BE54-9A1E7A4F7556}") = "GarbageCollect", "Overview\GarbageCollect\GarbageCollect.csproj", "{C5E5230F-E5AC-483D-8BBF-683F687648CD}"
EndProject
Project("{9A19103F-16F7-4668-BE54-9A1E7A4F7556}") = "MyConsoleApp", "Overview\MyConsoleApp\MyConsoleApp.csproj", "{874B0534-D140-42DA-9417-59F63BDDEFAD}"
EndProject
Project("{2150E333-8FDC-42A3-9474-1A3956D46DE8}") = "Regex", "Regex", "{28BC3C39-0373-4EBF-B24E-D3B45255CC73}"
EndProject
Project("{9A19103F-16F7-4668-BE54-9A1E7A4F7556}") = "Finding", "Regex\Finding\Finding.csproj", "{64EDE700-AE93-4FBC-B053-48E0613244F6}"
EndProject
Project("{9A19103F-16F7-4668-BE54-9A1E7A4F7556}") = "Replacing", "Regex\Replacing\Replacing.csproj", "{81E02A14-F1EE-43D9-BC12-5196A0DB71A9}"
EndProject
Project("{9A19103F-16F7-4668-BE54-9A1E7A4F7556}") = "RegexTimeouts", "Regex\Timeouts\RegexTimeouts.csproj", "{DBF29F13-5179-4F18-9348-21AA19962552}"
EndProject
Project("{2150E333-8FDC-42A3-9474-1A3956D46DE8}") = "Strings", "Strings", "{4EFA1D6D-A190-4433-8DDE-58EA091504DD}"
EndProject
Project("{9A19103F-16F7-4668-BE54-9A1E7A4F7556}") = "Formatting", "Strings\Formatting\Formatting.csproj", "{FBD57274-61CB-4134-9086-5C2AA3B3FFD1}"
EndProject
Project("{9A19103F-16F7-4668-BE54-9A1E7A4F7556}") = "Interpolation", "Strings\Interpolation\Interpolation.csproj", "{25CAE988-CC85-44F1-8DF7-2BF6D445F41A}"
EndProject
Project("{9A19103F-16F7-4668-BE54-9A1E7A4F7556}") = "Manipulation", "Strings\Manipulation\Manipulation.csproj", "{4F57F555-1FAE-41D1-B1CD-BDF0F91CDDE3}"
EndProject
Project("{9A19103F-16F7-4668-BE54-9A1E7A4F7556}") = "Searching", "Strings\Searching\Searching.csproj", "{D0CF0F3D-68F0-4EA3-986D-62C96E82A2E2}"
EndProject
Global
	GlobalSection(SolutionConfigurationPlatforms) = preSolution
		Debug|Any CPU = Debug|Any CPU
		Release|Any CPU = Release|Any CPU
	EndGlobalSection
	GlobalSection(ProjectConfigurationPlatforms) = postSolution
		{F87D88F2-56DB-4603-8D9B-1DAA4893A3DF}.Debug|Any CPU.ActiveCfg = Debug|Any CPU
		{F87D88F2-56DB-4603-8D9B-1DAA4893A3DF}.Debug|Any CPU.Build.0 = Debug|Any CPU
		{F87D88F2-56DB-4603-8D9B-1DAA4893A3DF}.Release|Any CPU.ActiveCfg = Release|Any CPU
		{F87D88F2-56DB-4603-8D9B-1DAA4893A3DF}.Release|Any CPU.Build.0 = Release|Any CPU
		{CE73C9B3-6FDF-497E-8E4D-0E28AC64ED90}.Debug|Any CPU.ActiveCfg = Debug|Any CPU
		{CE73C9B3-6FDF-497E-8E4D-0E28AC64ED90}.Debug|Any CPU.Build.0 = Debug|Any CPU
		{CE73C9B3-6FDF-497E-8E4D-0E28AC64ED90}.Release|Any CPU.ActiveCfg = Release|Any CPU
		{CE73C9B3-6FDF-497E-8E4D-0E28AC64ED90}.Release|Any CPU.Build.0 = Release|Any CPU
		{8CFE6375-1D02-461A-AAE5-8BD498F0BF7D}.Debug|Any CPU.ActiveCfg = Debug|Any CPU
		{8CFE6375-1D02-461A-AAE5-8BD498F0BF7D}.Debug|Any CPU.Build.0 = Debug|Any CPU
		{8CFE6375-1D02-461A-AAE5-8BD498F0BF7D}.Release|Any CPU.ActiveCfg = Release|Any CPU
		{8CFE6375-1D02-461A-AAE5-8BD498F0BF7D}.Release|Any CPU.Build.0 = Release|Any CPU
		{C2E4DC47-264B-44E1-B79D-DF4706AE4EAB}.Debug|Any CPU.ActiveCfg = Debug|Any CPU
		{C2E4DC47-264B-44E1-B79D-DF4706AE4EAB}.Debug|Any CPU.Build.0 = Debug|Any CPU
		{C2E4DC47-264B-44E1-B79D-DF4706AE4EAB}.Release|Any CPU.ActiveCfg = Release|Any CPU
		{C2E4DC47-264B-44E1-B79D-DF4706AE4EAB}.Release|Any CPU.Build.0 = Release|Any CPU
		{7F5A3F54-F7F6-4A4D-9CE5-72F72E8A4543}.Debug|Any CPU.ActiveCfg = Debug|Any CPU
		{7F5A3F54-F7F6-4A4D-9CE5-72F72E8A4543}.Debug|Any CPU.Build.0 = Debug|Any CPU
		{7F5A3F54-F7F6-4A4D-9CE5-72F72E8A4543}.Release|Any CPU.ActiveCfg = Release|Any CPU
		{7F5A3F54-F7F6-4A4D-9CE5-72F72E8A4543}.Release|Any CPU.Build.0 = Release|Any CPU
		{CCEB83D8-62F8-4BCD-A279-374B2B8770CE}.Debug|Any CPU.ActiveCfg = Debug|Any CPU
		{CCEB83D8-62F8-4BCD-A279-374B2B8770CE}.Debug|Any CPU.Build.0 = Debug|Any CPU
		{CCEB83D8-62F8-4BCD-A279-374B2B8770CE}.Release|Any CPU.ActiveCfg = Release|Any CPU
		{CCEB83D8-62F8-4BCD-A279-374B2B8770CE}.Release|Any CPU.Build.0 = Release|Any CPU
		{74C4D05D-6BFE-407F-AF85-6EAC27A91D34}.Debug|Any CPU.ActiveCfg = Debug|Any CPU
		{74C4D05D-6BFE-407F-AF85-6EAC27A91D34}.Debug|Any CPU.Build.0 = Debug|Any CPU
		{74C4D05D-6BFE-407F-AF85-6EAC27A91D34}.Release|Any CPU.ActiveCfg = Release|Any CPU
		{74C4D05D-6BFE-407F-AF85-6EAC27A91D34}.Release|Any CPU.Build.0 = Release|Any CPU
		{79C8BF48-5AC4-4275-AAE7-CBDC497BB6F5}.Debug|Any CPU.ActiveCfg = Debug|Any CPU
		{79C8BF48-5AC4-4275-AAE7-CBDC497BB6F5}.Debug|Any CPU.Build.0 = Debug|Any CPU
		{79C8BF48-5AC4-4275-AAE7-CBDC497BB6F5}.Release|Any CPU.ActiveCfg = Release|Any CPU
		{79C8BF48-5AC4-4275-AAE7-CBDC497BB6F5}.Release|Any CPU.Build.0 = Release|Any CPU
		{8D80D71B-118E-4677-8061-4DADFC0AE91B}.Debug|Any CPU.ActiveCfg = Debug|Any CPU
		{8D80D71B-118E-4677-8061-4DADFC0AE91B}.Debug|Any CPU.Build.0 = Debug|Any CPU
		{8D80D71B-118E-4677-8061-4DADFC0AE91B}.Release|Any CPU.ActiveCfg = Release|Any CPU
		{8D80D71B-118E-4677-8061-4DADFC0AE91B}.Release|Any CPU.Build.0 = Release|Any CPU
		{B71B51D0-90AC-49A5-9AD8-131F735E15B4}.Debug|Any CPU.ActiveCfg = Debug|Any CPU
		{B71B51D0-90AC-49A5-9AD8-131F735E15B4}.Debug|Any CPU.Build.0 = Debug|Any CPU
		{B71B51D0-90AC-49A5-9AD8-131F735E15B4}.Release|Any CPU.ActiveCfg = Release|Any CPU
		{B71B51D0-90AC-49A5-9AD8-131F735E15B4}.Release|Any CPU.Build.0 = Release|Any CPU
		{C5E5230F-E5AC-483D-8BBF-683F687648CD}.Debug|Any CPU.ActiveCfg = Debug|Any CPU
		{C5E5230F-E5AC-483D-8BBF-683F687648CD}.Debug|Any CPU.Build.0 = Debug|Any CPU
		{C5E5230F-E5AC-483D-8BBF-683F687648CD}.Release|Any CPU.ActiveCfg = Release|Any CPU
		{C5E5230F-E5AC-483D-8BBF-683F687648CD}.Release|Any CPU.Build.0 = Release|Any CPU
		{874B0534-D140-42DA-9417-59F63BDDEFAD}.Debug|Any CPU.ActiveCfg = Debug|Any CPU
		{874B0534-D140-42DA-9417-59F63BDDEFAD}.Debug|Any CPU.Build.0 = Debug|Any CPU
		{874B0534-D140-42DA-9417-59F63BDDEFAD}.Release|Any CPU.ActiveCfg = Release|Any CPU
		{874B0534-D140-42DA-9417-59F63BDDEFAD}.Release|Any CPU.Build.0 = Release|Any CPU
		{64EDE700-AE93-4FBC-B053-48E0613244F6}.Debug|Any CPU.ActiveCfg = Debug|Any CPU
		{64EDE700-AE93-4FBC-B053-48E0613244F6}.Debug|Any CPU.Build.0 = Debug|Any CPU
		{64EDE700-AE93-4FBC-B053-48E0613244F6}.Release|Any CPU.ActiveCfg = Release|Any CPU
		{64EDE700-AE93-4FBC-B053-48E0613244F6}.Release|Any CPU.Build.0 = Release|Any CPU
		{81E02A14-F1EE-43D9-BC12-5196A0DB71A9}.Debug|Any CPU.ActiveCfg = Debug|Any CPU
		{81E02A14-F1EE-43D9-BC12-5196A0DB71A9}.Debug|Any CPU.Build.0 = Debug|Any CPU
		{81E02A14-F1EE-43D9-BC12-5196A0DB71A9}.Release|Any CPU.ActiveCfg = Release|Any CPU
		{81E02A14-F1EE-43D9-BC12-5196A0DB71A9}.Release|Any CPU.Build.0 = Release|Any CPU
		{DBF29F13-5179-4F18-9348-21AA19962552}.Debug|Any CPU.ActiveCfg = Debug|Any CPU
		{DBF29F13-5179-4F18-9348-21AA19962552}.Debug|Any CPU.Build.0 = Debug|Any CPU
		{DBF29F13-5179-4F18-9348-21AA19962552}.Release|Any CPU.ActiveCfg = Release|Any CPU
		{DBF29F13-5179-4F18-9348-21AA19962552}.Release|Any CPU.Build.0 = Release|Any CPU
		{FBD57274-61CB-4134-9086-5C2AA3B3FFD1}.Debug|Any CPU.ActiveCfg = Debug|Any CPU
		{FBD57274-61CB-4134-9086-5C2AA3B3FFD1}.Debug|Any CPU.Build.0 = Debug|Any CPU
		{FBD57274-61CB-4134-9086-5C2AA3B3FFD1}.Release|Any CPU.ActiveCfg = Release|Any CPU
		{FBD57274-61CB-4134-9086-5C2AA3B3FFD1}.Release|Any CPU.Build.0 = Release|Any CPU
		{25CAE988-CC85-44F1-8DF7-2BF6D445F41A}.Debug|Any CPU.ActiveCfg = Debug|Any CPU
		{25CAE988-CC85-44F1-8DF7-2BF6D445F41A}.Debug|Any CPU.Build.0 = Debug|Any CPU
		{25CAE988-CC85-44F1-8DF7-2BF6D445F41A}.Release|Any CPU.ActiveCfg = Release|Any CPU
		{25CAE988-CC85-44F1-8DF7-2BF6D445F41A}.Release|Any CPU.Build.0 = Release|Any CPU
		{4F57F555-1FAE-41D1-B1CD-BDF0F91CDDE3}.Debug|Any CPU.ActiveCfg = Debug|Any CPU
		{4F57F555-1FAE-41D1-B1CD-BDF0F91CDDE3}.Debug|Any CPU.Build.0 = Debug|Any CPU
		{4F57F555-1FAE-41D1-B1CD-BDF0F91CDDE3}.Release|Any CPU.ActiveCfg = Release|Any CPU
		{4F57F555-1FAE-41D1-B1CD-BDF0F91CDDE3}.Release|Any CPU.Build.0 = Release|Any CPU
		{D0CF0F3D-68F0-4EA3-986D-62C96E82A2E2}.Debug|Any CPU.ActiveCfg = Debug|Any CPU
		{D0CF0F3D-68F0-4EA3-986D-62C96E82A2E2}.Debug|Any CPU.Build.0 = Debug|Any CPU
		{D0CF0F3D-68F0-4EA3-986D-62C96E82A2E2}.Release|Any CPU.ActiveCfg = Release|Any CPU
		{D0CF0F3D-68F0-4EA3-986D-62C96E82A2E2}.Release|Any CPU.Build.0 = Release|Any CPU
	EndGlobalSection
	GlobalSection(SolutionProperties) = preSolution
		HideSolutionNode = FALSE
	EndGlobalSection
	GlobalSection(NestedProjects) = preSolution
		{F87D88F2-56DB-4603-8D9B-1DAA4893A3DF} = {DF8C93ED-61D7-4742-A369-F8FFA6947040}
		{CE73C9B3-6FDF-497E-8E4D-0E28AC64ED90} = {DF8C93ED-61D7-4742-A369-F8FFA6947040}
		{8CFE6375-1D02-461A-AAE5-8BD498F0BF7D} = {DF8C93ED-61D7-4742-A369-F8FFA6947040}
		{C2E4DC47-264B-44E1-B79D-DF4706AE4EAB} = {DF8C93ED-61D7-4742-A369-F8FFA6947040}
		{7F5A3F54-F7F6-4A4D-9CE5-72F72E8A4543} = {55171CA8-4246-4C8B-AA43-BAA677839E2F}
		{CCEB83D8-62F8-4BCD-A279-374B2B8770CE} = {55171CA8-4246-4C8B-AA43-BAA677839E2F}
		{74C4D05D-6BFE-407F-AF85-6EAC27A91D34} = {55171CA8-4246-4C8B-AA43-BAA677839E2F}
		{79C8BF48-5AC4-4275-AAE7-CBDC497BB6F5} = {55171CA8-4246-4C8B-AA43-BAA677839E2F}
		{8D80D71B-118E-4677-8061-4DADFC0AE91B} = {55171CA8-4246-4C8B-AA43-BAA677839E2F}
		{B71B51D0-90AC-49A5-9AD8-131F735E15B4} = {3BD83B46-6E3A-455A-8A32-F3E3B8E107AE}
		{C5E5230F-E5AC-483D-8BBF-683F687648CD} = {3BD83B46-6E3A-455A-8A32-F3E3B8E107AE}
		{874B0534-D140-42DA-9417-59F63BDDEFAD} = {3BD83B46-6E3A-455A-8A32-F3E3B8E107AE}
		{64EDE700-AE93-4FBC-B053-48E0613244F6} = {28BC3C39-0373-4EBF-B24E-D3B45255CC73}
		{81E02A14-F1EE-43D9-BC12-5196A0DB71A9} = {28BC3C39-0373-4EBF-B24E-D3B45255CC73}
		{DBF29F13-5179-4F18-9348-21AA19962552} = {28BC3C39-0373-4EBF-B24E-D3B45255CC73}
		{FBD57274-61CB-4134-9086-5C2AA3B3FFD1} = {4EFA1D6D-A190-4433-8DDE-58EA091504DD}
		{25CAE988-CC85-44F1-8DF7-2BF6D445F41A} = {4EFA1D6D-A190-4433-8DDE-58EA091504DD}
		{4F57F555-1FAE-41D1-B1CD-BDF0F91CDDE3} = {4EFA1D6D-A190-4433-8DDE-58EA091504DD}
		{D0CF0F3D-68F0-4EA3-986D-62C96E82A2E2} = {4EFA1D6D-A190-4433-8DDE-58EA091504DD}
	EndGlobalSection
	GlobalSection(ExtensibilityGlobals) = postSolution
		SolutionGuid = {7C415401-C198-41AC-959A-DD2012DA7A52}
	EndGlobalSection
EndGlobal
